// !$*UTF8*$!
{
	archiveVersion = 1;
	classes = {
	};
	objectVersion = 50;
	objects = {

/* Begin PBXBuildFile section */
		4DAC82582326BD8B00311FC2 /* AppDelegate.swift in Sources */ = {isa = PBXBuildFile; fileRef = 4DAC82572326BD8B00311FC2 /* AppDelegate.swift */; };
		4DAC825A2326BD8B00311FC2 /* ViewController.swift in Sources */ = {isa = PBXBuildFile; fileRef = 4DAC82592326BD8B00311FC2 /* ViewController.swift */; };
		4DAC825D2326BD8B00311FC2 /* Main.storyboard in Resources */ = {isa = PBXBuildFile; fileRef = 4DAC825B2326BD8B00311FC2 /* Main.storyboard */; };
		4DAC825F2326BD8C00311FC2 /* Assets.xcassets in Resources */ = {isa = PBXBuildFile; fileRef = 4DAC825E2326BD8C00311FC2 /* Assets.xcassets */; };
		4DAC82622326BD8C00311FC2 /* LaunchScreen.storyboard in Resources */ = {isa = PBXBuildFile; fileRef = 4DAC82602326BD8C00311FC2 /* LaunchScreen.storyboard */; };
		4DAC826F2326C42500311FC2 /* Default-568h@2x.png in Resources */ = {isa = PBXBuildFile; fileRef = 4DAC826E2326C42500311FC2 /* Default-568h@2x.png */; };
		4DAC82712326C49700311FC2 /* Question.swift in Sources */ = {isa = PBXBuildFile; fileRef = 4DAC82702326C49700311FC2 /* Question.swift */; };
		4DAC82732326C51000311FC2 /* QuestionBank.swift in Sources */ = {isa = PBXBuildFile; fileRef = 4DAC82722326C51000311FC2 /* QuestionBank.swift */; };
/* End PBXBuildFile section */

/* Begin PBXFileReference section */
		4DAC82542326BD8B00311FC2 /* Swift Quiz.app */ = {isa = PBXFileReference; explicitFileType = wrapper.application; includeInIndex = 0; path = "Swift Quiz.app"; sourceTree = BUILT_PRODUCTS_DIR; };
		4DAC82572326BD8B00311FC2 /* AppDelegate.swift */ = {isa = PBXFileReference; lastKnownFileType = sourcecode.swift; path = AppDelegate.swift; sourceTree = "<group>"; };
		4DAC82592326BD8B00311FC2 /* ViewController.swift */ = {isa = PBXFileReference; lastKnownFileType = sourcecode.swift; path = ViewController.swift; sourceTree = "<group>"; };
		4DAC825C2326BD8B00311FC2 /* Base */ = {isa = PBXFileReference; lastKnownFileType = file.storyboard; name = Base; path = Base.lproj/Main.storyboard; sourceTree = "<group>"; };
		4DAC825E2326BD8C00311FC2 /* Assets.xcassets */ = {isa = PBXFileReference; lastKnownFileType = folder.assetcatalog; path = Assets.xcassets; sourceTree = "<group>"; };
		4DAC82612326BD8C00311FC2 /* Base */ = {isa = PBXFileReference; lastKnownFileType = file.storyboard; name = Base; path = Base.lproj/LaunchScreen.storyboard; sourceTree = "<group>"; };
		4DAC82632326BD8C00311FC2 /* Info.plist */ = {isa = PBXFileReference; lastKnownFileType = text.plist.xml; path = Info.plist; sourceTree = "<group>"; };
		4DAC826E2326C42500311FC2 /* Default-568h@2x.png */ = {isa = PBXFileReference; lastKnownFileType = image.png; path = "Default-568h@2x.png"; sourceTree = "<group>"; };
		4DAC82702326C49700311FC2 /* Question.swift */ = {isa = PBXFileReference; lastKnownFileType = sourcecode.swift; path = Question.swift; sourceTree = "<group>"; };
		4DAC82722326C51000311FC2 /* QuestionBank.swift */ = {isa = PBXFileReference; lastKnownFileType = sourcecode.swift; path = QuestionBank.swift; sourceTree = "<group>"; };
/* End PBXFileReference section */

/* Begin PBXFrameworksBuildPhase section */
		4DAC82512326BD8B00311FC2 /* Frameworks */ = {
			isa = PBXFrameworksBuildPhase;
			buildActionMask = 2147483647;
			files = (
			);
			runOnlyForDeploymentPostprocessing = 0;
		};
/* End PBXFrameworksBuildPhase section */

/* Begin PBXGroup section */
		4DAC824B2326BD8B00311FC2 = {
			isa = PBXGroup;
			children = (
				4DAC826E2326C42500311FC2 /* Default-568h@2x.png */,
				4DAC82562326BD8B00311FC2 /* Swift Quiz */,
				4DAC82552326BD8B00311FC2 /* Products */,
			);
			sourceTree = "<group>";
		};
		4DAC82552326BD8B00311FC2 /* Products */ = {
			isa = PBXGroup;
			children = (
				4DAC82542326BD8B00311FC2 /* Swift Quiz.app */,
			);
			name = Products;
			sourceTree = "<group>";
		};
		4DAC82562326BD8B00311FC2 /* Swift Quiz */ = {
			isa = PBXGroup;
			children = (
				4DAC826D2326BF9C00311FC2 /* Supporting Files */,
				4DAC82572326BD8B00311FC2 /* AppDelegate.swift */,
				4DAC826A2326BF8100311FC2 /* Model */,
				4DAC826B2326BF8400311FC2 /* Controller */,
				4DAC826C2326BF8800311FC2 /* View */,
			);
			path = "Swift Quiz";
			sourceTree = "<group>";
		};
		4DAC826A2326BF8100311FC2 /* Model */ = {
			isa = PBXGroup;
			children = (
				4DAC82702326C49700311FC2 /* Question.swift */,
				4DAC82722326C51000311FC2 /* QuestionBank.swift */,
			);
			path = Model;
			sourceTree = "<group>";
		};
		4DAC826B2326BF8400311FC2 /* Controller */ = {
			isa = PBXGroup;
			children = (
				4DAC82592326BD8B00311FC2 /* ViewController.swift */,
			);
			path = Controller;
			sourceTree = "<group>";
		};
		4DAC826C2326BF8800311FC2 /* View */ = {
			isa = PBXGroup;
			children = (
				4DAC825B2326BD8B00311FC2 /* Main.storyboard */,
				4DAC825E2326BD8C00311FC2 /* Assets.xcassets */,
			);
			path = View;
			sourceTree = "<group>";
		};
		4DAC826D2326BF9C00311FC2 /* Supporting Files */ = {
			isa = PBXGroup;
			children = (
				4DAC82602326BD8C00311FC2 /* LaunchScreen.storyboard */,
				4DAC82632326BD8C00311FC2 /* Info.plist */,
			);
			path = "Supporting Files";
			sourceTree = "<group>";
		};
/* End PBXGroup section */

/* Begin PBXNativeTarget section */
		4DAC82532326BD8B00311FC2 /* Swift Quiz */ = {
			isa = PBXNativeTarget;
			buildConfigurationList = 4DAC82662326BD8C00311FC2 /* Build configuration list for PBXNativeTarget "Swift Quiz" */;
			buildPhases = (
				4DAC82502326BD8B00311FC2 /* Sources */,
				4DAC82512326BD8B00311FC2 /* Frameworks */,
				4DAC82522326BD8B00311FC2 /* Resources */,
			);
			buildRules = (
			);
			dependencies = (
			);
			name = "Swift Quiz";
			productName = "Swift Quiz";
			productReference = 4DAC82542326BD8B00311FC2 /* Swift Quiz.app */;
			productType = "com.apple.product-type.application";
		};
/* End PBXNativeTarget section */

/* Begin PBXProject section */
		4DAC824C2326BD8B00311FC2 /* Project object */ = {
			isa = PBXProject;
			attributes = {
				LastSwiftUpdateCheck = 1030;
				LastUpgradeCheck = 1030;
				ORGANIZATIONNAME = "argenis delarosa";
				TargetAttributes = {
					4DAC82532326BD8B00311FC2 = {
						CreatedOnToolsVersion = 10.3;
					};
				};
			};
			buildConfigurationList = 4DAC824F2326BD8B00311FC2 /* Build configuration list for PBXProject "Swift Quiz" */;
			compatibilityVersion = "Xcode 9.3";
			developmentRegion = en;
			hasScannedForEncodings = 0;
			knownRegions = (
				en,
				Base,
			);
			mainGroup = 4DAC824B2326BD8B00311FC2;
			productRefGroup = 4DAC82552326BD8B00311FC2 /* Products */;
			projectDirPath = "";
			projectRoot = "";
			targets = (
				4DAC82532326BD8B00311FC2 /* Swift Quiz */,
			);
		};
/* End PBXProject section */

/* Begin PBXResourcesBuildPhase section */
		4DAC82522326BD8B00311FC2 /* Resources */ = {
			isa = PBXResourcesBuildPhase;
			buildActionMask = 2147483647;
			files = (
				4DAC82622326BD8C00311FC2 /* LaunchScreen.storyboard in Resources */,
				4DAC826F2326C42500311FC2 /* Default-568h@2x.png in Resources */,
				4DAC825F2326BD8C00311FC2 /* Assets.xcassets in Resources */,
				4DAC825D2326BD8B00311FC2 /* Main.storyboard in Resources */,
			);
			runOnlyForDeploymentPostprocessing = 0;
		};
/* End PBXResourcesBuildPhase section */

/* Begin PBXSourcesBuildPhase section */
		4DAC82502326BD8B00311FC2 /* Sources */ = {
			isa = PBXSourcesBuildPhase;
			buildActionMask = 2147483647;
			files = (
				4DAC82712326C49700311FC2 /* Question.swift in Sources */,
				4DAC82732326C51000311FC2 /* QuestionBank.swift in Sources */,
				4DAC825A2326BD8B00311FC2 /* ViewController.swift in Sources */,
				4DAC82582326BD8B00311FC2 /* AppDelegate.swift in Sources */,
			);
			runOnlyForDeploymentPostprocessing = 0;
		};
/* End PBXSourcesBuildPhase section */

/* Begin PBXVariantGroup section */
		4DAC825B2326BD8B00311FC2 /* Main.storyboard */ = {
			isa = PBXVariantGroup;
			children = (
				4DAC825C2326BD8B00311FC2 /* Base */,
			);
			name = Main.storyboard;
			sourceTree = "<group>";
		};
		4DAC82602326BD8C00311FC2 /* LaunchScreen.storyboard */ = {
			isa = PBXVariantGroup;
			children = (
				4DAC82612326BD8C00311FC2 /* Base */,
			);
			name = LaunchScreen.storyboard;
			sourceTree = "<group>";
		};
/* End PBXVariantGroup section */

/* Begin XCBuildConfiguration section */
		4DAC82642326BD8C00311FC2 /* Debug */ = {
			isa = XCBuildConfiguration;
			buildSettings = {
				ALWAYS_SEARCH_USER_PATHS = NO;
				CLANG_ANALYZER_NONNULL = YES;
				CLANG_ANALYZER_NUMBER_OBJECT_CONVERSION = YES_AGGRESSIVE;
				CLANG_CXX_LANGUAGE_STANDARD = "gnu++14";
				CLANG_CXX_LIBRARY = "libc++";
				CLANG_ENABLE_MODULES = YES;
				CLANG_ENABLE_OBJC_ARC = YES;
				CLANG_ENABLE_OBJC_WEAK = YES;
				CLANG_WARN_BLOCK_CAPTURE_AUTORELEASING = YES;
				CLANG_WARN_BOOL_CONVERSION = YES;
				CLANG_WARN_COMMA = YES;
				CLANG_WARN_CONSTANT_CONVERSION = YES;
				CLANG_WARN_DEPRECATED_OBJC_IMPLEMENTATIONS = YES;
				CLANG_WARN_DIRECT_OBJC_ISA_USAGE = YES_ERROR;
				CLANG_WARN_DOCUMENTATION_COMMENTS = YES;
				CLANG_WARN_EMPTY_BODY = YES;
				CLANG_WARN_ENUM_CONVERSION = YES;
				CLANG_WARN_INFINITE_RECURSION = YES;
				CLANG_WARN_INT_CONVERSION = YES;
				CLANG_WARN_NON_LITERAL_NULL_CONVERSION = YES;
				CLANG_WARN_OBJC_IMPLICIT_RETAIN_SELF = YES;
				CLANG_WARN_OBJC_LITERAL_CONVERSION = YES;
				CLANG_WARN_OBJC_ROOT_CLASS = YES_ERROR;
				CLANG_WARN_RANGE_LOOP_ANALYSIS = YES;
				CLANG_WARN_STRICT_PROTOTYPES = YES;
				CLANG_WARN_SUSPICIOUS_MOVE = YES;
				CLANG_WARN_UNGUARDED_AVAILABILITY = YES_AGGRESSIVE;
				CLANG_WARN_UNREACHABLE_CODE = YES;
				CLANG_WARN__DUPLICATE_METHOD_MATCH = YES;
				CODE_SIGN_IDENTITY = "iPhone Developer";
				COPY_PHASE_STRIP = NO;
				DEBUG_INFORMATION_FORMAT = dwarf;
				ENABLE_STRICT_OBJC_MSGSEND = YES;
				ENABLE_TESTABILITY = YES;
				GCC_C_LANGUAGE_STANDARD = gnu11;
				GCC_DYNAMIC_NO_PIC = NO;
				GCC_NO_COMMON_BLOCKS = YES;
				GCC_OPTIMIZATION_LEVEL = 0;
				GCC_PREPROCESSOR_DEFINITIONS = (
					"DEBUG=1",
					"$(inherited)",
				);
				GCC_WARN_64_TO_32_BIT_CONVERSION = YES;
				GCC_WARN_ABOUT_RETURN_TYPE = YES_ERROR;
				GCC_WARN_UNDECLARED_SELECTOR = YES;
				GCC_WARN_UNINITIALIZED_AUTOS = YES_AGGRESSIVE;
				GCC_WARN_UNUSED_FUNCTION = YES;
				GCC_WARN_UNUSED_VARIABLE = YES;
				IPHONEOS_DEPLOYMENT_TARGET = 12.4;
				MTL_ENABLE_DEBUG_INFO = INCLUDE_SOURCE;
				MTL_FAST_MATH = YES;
				ONLY_ACTIVE_ARCH = YES;
				SDKROOT = iphoneos;
				SWIFT_ACTIVE_COMPILATION_CONDITIONS = DEBUG;
				SWIFT_OPTIMIZATION_LEVEL = "-Onone";
			};
			name = Debug;
		};
		4DAC82652326BD8C00311FC2 /* Release */ = {
			isa = XCBuildConfiguration;
			buildSettings = {
				ALWAYS_SEARCH_USER_PATHS = NO;
				CLANG_ANALYZER_NONNULL = YES;
				CLANG_ANALYZER_NUMBER_OBJECT_CONVERSION = YES_AGGRESSIVE;
				CLANG_CXX_LANGUAGE_STANDARD = "gnu++14";
				CLANG_CXX_LIBRARY = "libc++";
				CLANG_ENABLE_MODULES = YES;
				CLANG_ENABLE_OBJC_ARC = YES;
				CLANG_ENABLE_OBJC_WEAK = YES;
				CLANG_WARN_BLOCK_CAPTURE_AUTORELEASING = YES;
				CLANG_WARN_BOOL_CONVERSION = YES;
				CLANG_WARN_COMMA = YES;
				CLANG_WARN_CONSTANT_CONVERSION = YES;
				CLANG_WARN_DEPRECATED_OBJC_IMPLEMENTATIONS = YES;
				CLANG_WARN_DIRECT_OBJC_ISA_USAGE = YES_ERROR;
				CLANG_WARN_DOCUMENTATION_COMMENTS = YES;
				CLANG_WARN_EMPTY_BODY = YES;
				CLANG_WARN_ENUM_CONVERSION = YES;
				CLANG_WARN_INFINITE_RECURSION = YES;
				CLANG_WARN_INT_CONVERSION = YES;
				CLANG_WARN_NON_LITERAL_NULL_CONVERSION = YES;
				CLANG_WARN_OBJC_IMPLICIT_RETAIN_SELF = YES;
				CLANG_WARN_OBJC_LITERAL_CONVERSION = YES;
				CLANG_WARN_OBJC_ROOT_CLASS = YES_ERROR;
				CLANG_WARN_RANGE_LOOP_ANALYSIS = YES;
				CLANG_WARN_STRICT_PROTOTYPES = YES;
				CLANG_WARN_SUSPICIOUS_MOVE = YES;
				CLANG_WARN_UNGUARDED_AVAILABILITY = YES_AGGRESSIVE;
				CLANG_WARN_UNREACHABLE_CODE = YES;
				CLANG_WARN__DUPLICATE_METHOD_MATCH = YES;
				CODE_SIGN_IDENTITY = "iPhone Developer";
				COPY_PHASE_STRIP = NO;
				DEBUG_INFORMATION_FORMAT = "dwarf-with-dsym";
				ENABLE_NS_ASSERTIONS = NO;
				ENABLE_STRICT_OBJC_MSGSEND = YES;
				GCC_C_LANGUAGE_STANDARD = gnu11;
				GCC_NO_COMMON_BLOCKS = YES;
				GCC_WARN_64_TO_32_BIT_CONVERSION = YES;
				GCC_WARN_ABOUT_RETURN_TYPE = YES_ERROR;
				GCC_WARN_UNDECLARED_SELECTOR = YES;
				GCC_WARN_UNINITIALIZED_AUTOS = YES_AGGRESSIVE;
				GCC_WARN_UNUSED_FUNCTION = YES;
				GCC_WARN_UNUSED_VARIABLE = YES;
				IPHONEOS_DEPLOYMENT_TARGET = 12.4;
				MTL_ENABLE_DEBUG_INFO = NO;
				MTL_FAST_MATH = YES;
				SDKROOT = iphoneos;
				SWIFT_COMPILATION_MODE = wholemodule;
				SWIFT_OPTIMIZATION_LEVEL = "-O";
				VALIDATE_PRODUCT = YES;
			};
			name = Release;
		};
		4DAC82672326BD8C00311FC2 /* Debug */ = {
			isa = XCBuildConfiguration;
			buildSettings = {
				ASSETCATALOG_COMPILER_APPICON_NAME = AppIcon;
				CODE_SIGN_STYLE = Automatic;
				DEVELOPMENT_TEAM = D72BQC232M;
				INFOPLIST_FILE = "$(SRCROOT)/Swift Quiz/Supporting Files/Info.plist";
				LD_RUNPATH_SEARCH_PATHS = (
					"$(inherited)",
					"@executable_path/Frameworks",
				);
				PRODUCT_BUNDLE_IDENTIFIER = "com.argenisdelarosa.Swift-Quiz";
				PRODUCT_NAME = "$(TARGET_NAME)";
				SWIFT_VERSION = 5.0;
				TARGETED_DEVICE_FAMILY = "1,2";
			};
			name = Debug;
		};
		4DAC82682326BD8C00311FC2 /* Release */ = {
			isa = XCBuildConfiguration;
			buildSettings = {
				ASSETCATALOG_COMPILER_APPICON_NAME = AppIcon;
				CODE_SIGN_STYLE = Automatic;
				DEVELOPMENT_TEAM = D72BQC232M;
				INFOPLIST_FILE = "$(SRCROOT)/Swift Quiz/Supporting Files/Info.plist";
				LD_RUNPATH_SEARCH_PATHS = (
					"$(inherited)",
					"@executable_path/Frameworks",
				);
				PRODUCT_BUNDLE_IDENTIFIER = "com.argenisdelarosa.Swift-Quiz";
				PRODUCT_NAME = "$(TARGET_NAME)";
				SWIFT_VERSION = 5.0;
				TARGETED_DEVICE_FAMILY = "1,2";
			};
			name = Release;
		};
/* End XCBuildConfiguration section */

/* Begin XCConfigurationList section */
		4DAC824F2326BD8B00311FC2 /* Build configuration list for PBXProject "Swift Quiz" */ = {
			isa = XCConfigurationList;
			buildConfigurations = (
				4DAC82642326BD8C00311FC2 /* Debug */,
				4DAC82652326BD8C00311FC2 /* Release */,
			);
			defaultConfigurationIsVisible = 0;
			defaultConfigurationName = Release;
		};
		4DAC82662326BD8C00311FC2 /* Build configuration list for PBXNativeTarget "Swift Quiz" */ = {
			isa = XCConfigurationList;
			buildConfigurations = (
				4DAC82672326BD8C00311FC2 /* Debug */,
				4DAC82682326BD8C00311FC2 /* Release */,
			);
			defaultConfigurationIsVisible = 0;
			defaultConfigurationName = Release;
		};
/* End XCConfigurationList section */
	};
	rootObject = 4DAC824C2326BD8B00311FC2 /* Project object */;
}
